
Microsoft Visual Studio Solution File, Format Version 12.00
# Visual Studio Version 17
VisualStudioVersion = 17.11.35327.3
MinimumVisualStudioVersion = 10.0.40219.1
Project("{FAE04EC0-301F-11D3-BF4B-00C04F79EFBC}") = "ServerManagementApplication", "ServerManagementApplication\ServerManagementApplication.csproj", "{19449F31-496C-4DDF-A374-04434A07931A}"
EndProject
Global
	GlobalSection(SolutionConfigurationPlatforms) = preSolution
		Debug|Any CPU = Debug|Any CPU
		Release|Any CPU = Release|Any CPU
	EndGlobalSection
	GlobalSection(ProjectConfigurationPlatforms) = postSolution
		{19449F31-496C-4DDF-A374-04434A07931A}.Debug|Any CPU.ActiveCfg = Debug|Any CPU
		{19449F31-496C-4DDF-A374-04434A07931A}.Debug|Any CPU.Build.0 = Debug|Any CPU
		{19449F31-496C-4DDF-A374-04434A07931A}.Release|Any CPU.ActiveCfg = Release|Any CPU
		{19449F31-496C-4DDF-A374-04434A07931A}.Release|Any CPU.Build.0 = Release|Any CPU
	EndGlobalSection
	GlobalSection(SolutionProperties) = preSolution
		HideSolutionNode = FALSE
	EndGlobalSection
	GlobalSection(ExtensibilityGlobals) = postSolution
		SolutionGuid = {7FC64945-E4F0-4670-8DA9-3108D80C1FB7}
	EndGlobalSection
EndGlobal
